
Microsoft Visual Studio Solution File, Format Version 10.00
# Visual Studio 2008
Project("{FAE04EC0-301F-11D3-BF4B-00C04F79EFBC}") = "chess", "chess\chess.csproj", "{0B54A3C6-DAC2-407E-8FBA-BA423D17FD34}"
EndProject
Global
	GlobalSection(SolutionConfigurationPlatforms) = preSolution
		Debug|Any CPU = Debug|Any CPU
		Release|Any CPU = Release|Any CPU
	EndGlobalSection
	GlobalSection(ProjectConfigurationPlatforms) = postSolution
		{0B54A3C6-DAC2-407E-8FBA-BA423D17FD34}.Debug|Any CPU.ActiveCfg = Debug|Any CPU
		{0B54A3C6-DAC2-407E-8FBA-BA423D17FD34}.Debug|Any CPU.Build.0 = Debug|Any CPU
		{0B54A3C6-DAC2-407E-8FBA-BA423D17FD34}.Release|Any CPU.ActiveCfg = Release|Any CPU
		{0B54A3C6-DAC2-407E-8FBA-BA423D17FD34}.Release|Any CPU.Build.0 = Release|Any CPU
	EndGlobalSection
	GlobalSection(SolutionProperties) = preSolution
		HideSolutionNode = FALSE
	EndGlobalSection
EndGlobal
